// !$*UTF8*$!
{
	archiveVersion = 1;
	classes = {
	};
	objectVersion = 46;
	objects = {

/* Begin PBXBuildFile section */
		CA88327F1D6DFB1300952E30 /* main.cpp in Sources */ = {isa = PBXBuildFile; fileRef = CA88327E1D6DFB1300952E30 /* main.cpp */; };
/* End PBXBuildFile section */

/* Begin PBXCopyFilesBuildPhase section */
		CA8832791D6DFB1300952E30 /* CopyFiles */ = {
			isa = PBXCopyFilesBuildPhase;
			buildActionMask = 2147483647;
			dstPath = /usr/share/man/man1/;
			dstSubfolderSpec = 0;
			files = (
			);
			runOnlyForDeploymentPostprocessing = 1;
		};
/* End PBXCopyFilesBuildPhase section */

/* Begin PBXFileReference section */
		CA88327B1D6DFB1300952E30 /* 347. Top K Frequent Elements */ = {isa = PBXFileReference; explicitFileType = "compiled.mach-o.executable"; includeInIndex = 0; path = "347. Top K Frequent Elements"; sourceTree = BUILT_PRODUCTS_DIR; };
		CA88327E1D6DFB1300952E30 /* main.cpp */ = {isa = PBXFileReference; lastKnownFileType = sourcecode.cpp.cpp; path = main.cpp; sourceTree = "<group>"; };
/* End PBXFileReference section */

/* Begin PBXFrameworksBuildPhase section */
		CA8832781D6DFB1300952E30 /* Frameworks */ = {
			isa = PBXFrameworksBuildPhase;
			buildActionMask = 2147483647;
			files = (
			);
			runOnlyForDeploymentPostprocessing = 0;
		};
/* End PBXFrameworksBuildPhase section */

/* Begin PBXGroup section */
		CA8832721D6DFB1300952E30 = {
			isa = PBXGroup;
			children = (
				CA88327D1D6DFB1300952E30 /* 347. Top K Frequent Elements */,
				CA88327C1D6DFB1300952E30 /* Products */,
			);
			sourceTree = "<group>";
		};
		CA88327C1D6DFB1300952E30 /* Products */ = {
			isa = PBXGroup;
			children = (
				CA88327B1D6DFB1300952E30 /* 347. Top K Frequent Elements */,
			);
			name = Products;
			sourceTree = "<group>";
		};
		CA88327D1D6DFB1300952E30 /* 347. Top K Frequent Elements */ = {
			isa = PBXGroup;
			children = (
				CA88327E1D6DFB1300952E30 /* main.cpp */,
			);
			path = "347. Top K Frequent Elements";
			sourceTree = "<group>";
		};
/* End PBXGroup section */

/* Begin PBXNativeTarget section */
		CA88327A1D6DFB1300952E30 /* 347. Top K Frequent Elements */ = {
			isa = PBXNativeTarget;
			buildConfigurationList = CA8832821D6DFB1300952E30 /* Build configuration list for PBXNativeTarget "347. Top K Frequent Elements" */;
			buildPhases = (
				CA8832771D6DFB1300952E30 /* Sources */,
				CA8832781D6DFB1300952E30 /* Frameworks */,
				CA8832791D6DFB1300952E30 /* CopyFiles */,
			);
			buildRules = (
			);
			dependencies = (
			);
			name = "347. Top K Frequent Elements";
			productName = "347. Top K Frequent Elements";
			productReference = CA88327B1D6DFB1300952E30 /* 347. Top K Frequent Elements */;
			productType = "com.apple.product-type.tool";
		};
/* End PBXNativeTarget section */

/* Begin PBXProject section */
		CA8832731D6DFB1300952E30 /* Project object */ = {
			isa = PBXProject;
			attributes = {
				LastUpgradeCheck = 0730;
				ORGANIZATIONNAME = liuw53;
				TargetAttributes = {
					CA88327A1D6DFB1300952E30 = {
						CreatedOnToolsVersion = 7.3.1;
					};
				};
			};
			buildConfigurationList = CA8832761D6DFB1300952E30 /* Build configuration list for PBXProject "347. Top K Frequent Elements" */;
			compatibilityVersion = "Xcode 3.2";
			developmentRegion = English;
			hasScannedForEncodings = 0;
			knownRegions = (
				en,
			);
			mainGroup = CA8832721D6DFB1300952E30;
			productRefGroup = CA88327C1D6DFB1300952E30 /* Products */;
			projectDirPath = "";
			projectRoot = "";
			targets = (
				CA88327A1D6DFB1300952E30 /* 347. Top K Frequent Elements */,
			);
		};
/* End PBXProject section */

/* Begin PBXSourcesBuildPhase section */
		CA8832771D6DFB1300952E30 /* Sources */ = {
			isa = PBXSourcesBuildPhase;
			buildActionMask = 2147483647;
			files = (
				CA88327F1D6DFB1300952E30 /* main.cpp in Sources */,
			);
			runOnlyForDeploymentPostprocessing = 0;
		};
/* End PBXSourcesBuildPhase section */

/* Begin XCBuildConfiguration section */
		CA8832801D6DFB1300952E30 /* Debug */ = {
			isa = XCBuildConfiguration;
			buildSettings = {
				ALWAYS_SEARCH_USER_PATHS = NO;
				CLANG_ANALYZER_NONNULL = YES;
				CLANG_CXX_LANGUAGE_STANDARD = "gnu++0x";
				CLANG_CXX_LIBRARY = "libc++";
				CLANG_ENABLE_MODULES = YES;
				CLANG_ENABLE_OBJC_ARC = YES;
				CLANG_WARN_BOOL_CONVERSION = YES;
				CLANG_WARN_CONSTANT_CONVERSION = YES;
				CLANG_WARN_DIRECT_OBJC_ISA_USAGE = YES_ERROR;
				CLANG_WARN_EMPTY_BODY = YES;
				CLANG_WARN_ENUM_CONVERSION = YES;
				CLANG_WARN_INT_CONVERSION = YES;
				CLANG_WARN_OBJC_ROOT_CLASS = YES_ERROR;
				CLANG_WARN_UNREACHABLE_CODE = YES;
				CLANG_WARN__DUPLICATE_METHOD_MATCH = YES;
				CODE_SIGN_IDENTITY = "-";
				COPY_PHASE_STRIP = NO;
				DEBUG_INFORMATION_FORMAT = dwarf;
				ENABLE_STRICT_OBJC_MSGSEND = YES;
				ENABLE_TESTABILITY = YES;
				GCC_C_LANGUAGE_STANDARD = gnu99;
				GCC_DYNAMIC_NO_PIC = NO;
				GCC_NO_COMMON_BLOCKS = YES;
				GCC_OPTIMIZATION_LEVEL = 0;
				GCC_PREPROCESSOR_DEFINITIONS = (
					"DEBUG=1",
					"$(inherited)",
				);
				GCC_WARN_64_TO_32_BIT_CONVERSION = YES;
				GCC_WARN_ABOUT_RETURN_TYPE = YES_ERROR;
				GCC_WARN_UNDECLARED_SELECTOR = YES;
				GCC_WARN_UNINITIALIZED_AUTOS = YES_AGGRESSIVE;
				GCC_WARN_UNUSED_FUNCTION = YES;
				GCC_WARN_UNUSED_VARIABLE = YES;
				MACOSX_DEPLOYMENT_TARGET = 10.11;
				MTL_ENABLE_DEBUG_INFO = YES;
				ONLY_ACTIVE_ARCH = YES;
				SDKROOT = macosx;
			};
			name = Debug;
		};
		CA8832811D6DFB1300952E30 /* Release */ = {
			isa = XCBuildConfiguration;
			buildSettings = {
				ALWAYS_SEARCH_USER_PATHS = NO;
				CLANG_ANALYZER_NONNULL = YES;
				CLANG_CXX_LANGUAGE_STANDARD = "gnu++0x";
				CLANG_CXX_LIBRARY = "libc++";
				CLANG_ENABLE_MODULES = YES;
				CLANG_ENABLE_OBJC_ARC = YES;
				CLANG_WARN_BOOL_CONVERSION = YES;
				CLANG_WARN_CONSTANT_CONVERSION = YES;
				CLANG_WARN_DIRECT_OBJC_ISA_USAGE = YES_ERROR;
				CLANG_WARN_EMPTY_BODY = YES;
				CLANG_WARN_ENUM_CONVERSION = YES;
				CLANG_WARN_INT_CONVERSION = YES;
				CLANG_WARN_OBJC_ROOT_CLASS = YES_ERROR;
				CLANG_WARN_UNREACHABLE_CODE = YES;
				CLANG_WARN__DUPLICATE_METHOD_MATCH = YES;
				CODE_SIGN_IDENTITY = "-";
				COPY_PHASE_STRIP = NO;
				DEBUG_INFORMATION_FORMAT = "dwarf-with-dsym";
				ENABLE_NS_ASSERTIONS = NO;
				ENABLE_STRICT_OBJC_MSGSEND = YES;
				GCC_C_LANGUAGE_STANDARD = gnu99;
				GCC_NO_COMMON_BLOCKS = YES;
				GCC_WARN_64_TO_32_BIT_CONVERSION = YES;
				GCC_WARN_ABOUT_RETURN_TYPE = YES_ERROR;
				GCC_WARN_UNDECLARED_SELECTOR = YES;
				GCC_WARN_UNINITIALIZED_AUTOS = YES_AGGRESSIVE;
				GCC_WARN_UNUSED_FUNCTION = YES;
				GCC_WARN_UNUSED_VARIABLE = YES;
				MACOSX_DEPLOYMENT_TARGET = 10.11;
				MTL_ENABLE_DEBUG_INFO = NO;
				SDKROOT = macosx;
			};
			name = Release;
		};
		CA8832831D6DFB1300952E30 /* Debug */ = {
			isa = XCBuildConfiguration;
			buildSettings = {
				PRODUCT_NAME = "$(TARGET_NAME)";
			};
			name = Debug;
		};
		CA8832841D6DFB1300952E30 /* Release */ = {
			isa = XCBuildConfiguration;
			buildSettings = {
				PRODUCT_NAME = "$(TARGET_NAME)";
			};
			name = Release;
		};
/* End XCBuildConfiguration section */

/* Begin XCConfigurationList section */
		CA8832761D6DFB1300952E30 /* Build configuration list for PBXProject "347. Top K Frequent Elements" */ = {
			isa = XCConfigurationList;
			buildConfigurations = (
				CA8832801D6DFB1300952E30 /* Debug */,
				CA8832811D6DFB1300952E30 /* Release */,
			);
			defaultConfigurationIsVisible = 0;
			defaultConfigurationName = Release;
		};
		CA8832821D6DFB1300952E30 /* Build configuration list for PBXNativeTarget "347. Top K Frequent Elements" */ = {
			isa = XCConfigurationList;
			buildConfigurations = (
				CA8832831D6DFB1300952E30 /* Debug */,
				CA8832841D6DFB1300952E30 /* Release */,
			);
			defaultConfigurationIsVisible = 0;
		};
/* End XCConfigurationList section */
	};
	rootObject = CA8832731D6DFB1300952E30 /* Project object */;
}
